
Microsoft Visual Studio Solution File, Format Version 12.00
# Visual Studio Version 16
VisualStudioVersion = 16.0.32126.315
MinimumVisualStudioVersion = 10.0.40219.1
Project("{FAE04EC0-301F-11D3-BF4B-00C04F79EFBC}") = "lab1Nitin", "lab1Nitin\lab1Nitin.csproj", "{CFD57A0F-CFB2-4B0B-8985-FA897AAD86E8}"
EndProject
Global
	GlobalSection(SolutionConfigurationPlatforms) = preSolution
		Debug|Any CPU = Debug|Any CPU
		Release|Any CPU = Release|Any CPU
	EndGlobalSection
	GlobalSection(ProjectConfigurationPlatforms) = postSolution
		{CFD57A0F-CFB2-4B0B-8985-FA897AAD86E8}.Debug|Any CPU.ActiveCfg = Debug|Any CPU
		{CFD57A0F-CFB2-4B0B-8985-FA897AAD86E8}.Debug|Any CPU.Build.0 = Debug|Any CPU
		{CFD57A0F-CFB2-4B0B-8985-FA897AAD86E8}.Release|Any CPU.ActiveCfg = Release|Any CPU
		{CFD57A0F-CFB2-4B0B-8985-FA897AAD86E8}.Release|Any CPU.Build.0 = Release|Any CPU
	EndGlobalSection
	GlobalSection(SolutionProperties) = preSolution
		HideSolutionNode = FALSE
	EndGlobalSection
	GlobalSection(ExtensibilityGlobals) = postSolution
		SolutionGuid = {67FA5DD3-CFD6-40D9-90CC-E319F4A97E52}
	EndGlobalSection
EndGlobal
